
Microsoft Visual Studio Solution File, Format Version 12.00
# Visual Studio Version 17
VisualStudioVersion = 17.8.34330.188
MinimumVisualStudioVersion = 10.0.40219.1
Project("{FAE04EC0-301F-11D3-BF4B-00C04F79EFBC}") = "Music_Mash", "Music_Mash\Music_Mash.csproj", "{B15FBAC1-2241-4E3B-A264-9CD5AA064E2C}"
EndProject
Global
	GlobalSection(SolutionConfigurationPlatforms) = preSolution
		Debug|Any CPU = Debug|Any CPU
		Release|Any CPU = Release|Any CPU
	EndGlobalSection
	GlobalSection(ProjectConfigurationPlatforms) = postSolution
		{B15FBAC1-2241-4E3B-A264-9CD5AA064E2C}.Debug|Any CPU.ActiveCfg = Debug|Any CPU
		{B15FBAC1-2241-4E3B-A264-9CD5AA064E2C}.Debug|Any CPU.Build.0 = Debug|Any CPU
		{B15FBAC1-2241-4E3B-A264-9CD5AA064E2C}.Release|Any CPU.ActiveCfg = Release|Any CPU
		{B15FBAC1-2241-4E3B-A264-9CD5AA064E2C}.Release|Any CPU.Build.0 = Release|Any CPU
	EndGlobalSection
	GlobalSection(SolutionProperties) = preSolution
		HideSolutionNode = FALSE
	EndGlobalSection
	GlobalSection(ExtensibilityGlobals) = postSolution
		SolutionGuid = {A734F763-A040-4EF9-A3FA-F98FEE22B8C6}
	EndGlobalSection
EndGlobal
